
Microsoft Visual Studio Solution File, Format Version 12.00
# Visual Studio 15
VisualStudioVersion = 15.0.28307.421
MinimumVisualStudioVersion = 10.0.40219.1
Project("{FAE04EC0-301F-11D3-BF4B-00C04F79EFBC}") = "WaspCannonClient", "WaspCannonClient\WaspCannonClient.csproj", "{316AC67B-824F-4F07-8EA0-C8E140C3A352}"
EndProject
Global
	GlobalSection(SolutionConfigurationPlatforms) = preSolution
		Debug|Any CPU = Debug|Any CPU
		Release|Any CPU = Release|Any CPU
	EndGlobalSection
	GlobalSection(ProjectConfigurationPlatforms) = postSolution
		{316AC67B-824F-4F07-8EA0-C8E140C3A352}.Debug|Any CPU.ActiveCfg = Debug|Any CPU
		{316AC67B-824F-4F07-8EA0-C8E140C3A352}.Debug|Any CPU.Build.0 = Debug|Any CPU
		{316AC67B-824F-4F07-8EA0-C8E140C3A352}.Release|Any CPU.ActiveCfg = Release|Any CPU
		{316AC67B-824F-4F07-8EA0-C8E140C3A352}.Release|Any CPU.Build.0 = Release|Any CPU
	EndGlobalSection
	GlobalSection(SolutionProperties) = preSolution
		HideSolutionNode = FALSE
	EndGlobalSection
	GlobalSection(ExtensibilityGlobals) = postSolution
		SolutionGuid = {7C0D5235-CEC7-4E7B-B53F-E9D82C0A39E8}
	EndGlobalSection
EndGlobal
